
Microsoft Visual Studio Solution File, Format Version 12.00
# Visual Studio Version 16
VisualStudioVersion = 16.0.29201.188
MinimumVisualStudioVersion = 10.0.40219.1
Project("{8BC9CEB8-8B4A-11D0-8D11-00A0C91BC942}") = "Teat_loop", "Teat_loop\Teat_loop.vcxproj", "{24A8F279-2B83-48C7-A8E2-3786E3BCE2C0}"
EndProject
Global
	GlobalSection(SolutionConfigurationPlatforms) = preSolution
		Debug|x64 = Debug|x64
		Debug|x86 = Debug|x86
		Release|x64 = Release|x64
		Release|x86 = Release|x86
	EndGlobalSection
	GlobalSection(ProjectConfigurationPlatforms) = postSolution
		{24A8F279-2B83-48C7-A8E2-3786E3BCE2C0}.Debug|x64.ActiveCfg = Debug|x64
		{24A8F279-2B83-48C7-A8E2-3786E3BCE2C0}.Debug|x64.Build.0 = Debug|x64
		{24A8F279-2B83-48C7-A8E2-3786E3BCE2C0}.Debug|x86.ActiveCfg = Debug|Win32
		{24A8F279-2B83-48C7-A8E2-3786E3BCE2C0}.Debug|x86.Build.0 = Debug|Win32
		{24A8F279-2B83-48C7-A8E2-3786E3BCE2C0}.Release|x64.ActiveCfg = Release|x64
		{24A8F279-2B83-48C7-A8E2-3786E3BCE2C0}.Release|x64.Build.0 = Release|x64
		{24A8F279-2B83-48C7-A8E2-3786E3BCE2C0}.Release|x86.ActiveCfg = Release|Win32
		{24A8F279-2B83-48C7-A8E2-3786E3BCE2C0}.Release|x86.Build.0 = Release|Win32
	EndGlobalSection
	GlobalSection(SolutionProperties) = preSolution
		HideSolutionNode = FALSE
	EndGlobalSection
	GlobalSection(ExtensibilityGlobals) = postSolution
		SolutionGuid = {FE8F82B0-2F77-4119-BA9F-D3FA7ECA84AE}
	EndGlobalSection
EndGlobal
